
Microsoft Visual Studio Solution File, Format Version 12.00
# Visual Studio Version 17
VisualStudioVersion = 17.4.33205.214
MinimumVisualStudioVersion = 10.0.40219.1
Project("{9A19103F-16F7-4668-BE54-9A1E7A4F7556}") = "openGL", "openGL.csproj", "{33823F70-2BE6-4F40-BC83-86A0088C063C}"
EndProject
Global
	GlobalSection(SolutionConfigurationPlatforms) = preSolution
		Debug|Any CPU = Debug|Any CPU
		Release|Any CPU = Release|Any CPU
	EndGlobalSection
	GlobalSection(ProjectConfigurationPlatforms) = postSolution
		{33823F70-2BE6-4F40-BC83-86A0088C063C}.Debug|Any CPU.ActiveCfg = Debug|Any CPU
		{33823F70-2BE6-4F40-BC83-86A0088C063C}.Debug|Any CPU.Build.0 = Debug|Any CPU
		{33823F70-2BE6-4F40-BC83-86A0088C063C}.Release|Any CPU.ActiveCfg = Release|Any CPU
		{33823F70-2BE6-4F40-BC83-86A0088C063C}.Release|Any CPU.Build.0 = Release|Any CPU
	EndGlobalSection
	GlobalSection(SolutionProperties) = preSolution
		HideSolutionNode = FALSE
	EndGlobalSection
	GlobalSection(ExtensibilityGlobals) = postSolution
		SolutionGuid = {6D8FEBAE-5DE6-41C7-9B20-158180AA3BDA}
	EndGlobalSection
EndGlobal
